
Microsoft Visual Studio Solution File, Format Version 12.00
# Visual Studio Version 17
VisualStudioVersion = 17.7.34221.43
MinimumVisualStudioVersion = 10.0.40219.1
Project("{9A19103F-16F7-4668-BE54-9A1E7A4F7556}") = "Ejercicio1-Cliente-Talleres", "Ejercicio1-Cliente-Talleres\Ejercicio1-Cliente-Talleres.csproj", "{E3BACB1D-5365-45A6-9E9B-32B151B45CAD}"
EndProject
Project("{9A19103F-16F7-4668-BE54-9A1E7A4F7556}") = "Ejercicio1-Inscripciones", "Ejercicio1-Inscripciones\Ejercicio1-Inscripciones.csproj", "{C4252816-1A6A-4FB6-94FA-5B93A793DB71}"
EndProject
Project("{2150E333-8FDC-42A3-9474-1A3956D46DE8}") = "Ejercicio 2", "Ejercicio 2", "{89CDF3DC-FB56-4139-8D4A-8F7F963CCC97}"
EndProject
Project("{2150E333-8FDC-42A3-9474-1A3956D46DE8}") = "Ejercicio 1", "Ejercicio 1", "{BE8C5185-9C80-4AB6-BE31-F6AAD2C10740}"
EndProject
Project("{9A19103F-16F7-4668-BE54-9A1E7A4F7556}") = "EjemploServidorTCP", "EjemploServidorTCP\EjemploServidorTCP.csproj", "{960890D4-4AAD-4C61-B704-1BF12F1E49C0}"
EndProject
Project("{9A19103F-16F7-4668-BE54-9A1E7A4F7556}") = "EjemploTCPClliente", "EjemploTCPClliente\EjemploTCPClliente.csproj", "{D745B39C-2723-46F5-9CE3-5EBD06812FDB}"
EndProject
Project("{2150E333-8FDC-42A3-9474-1A3956D46DE8}") = "Ejercicio 3", "Ejercicio 3", "{C1098993-1EDA-4588-B739-7B0D658F3CC7}"
EndProject
Project("{9A19103F-16F7-4668-BE54-9A1E7A4F7556}") = "ChatServidorTCP", "ChatServidorTCP\ChatServidorTCP.csproj", "{6BFEC92B-27D6-4D15-9F9E-A7EE48EE302F}"
EndProject
Project("{9A19103F-16F7-4668-BE54-9A1E7A4F7556}") = "ChatClienteTCP", "ChatClienteTCP\ChatClienteTCP.csproj", "{480AAAC7-6098-4EFE-AC81-7C269A6CE0B2}"
EndProject
Project("{2150E333-8FDC-42A3-9474-1A3956D46DE8}") = "Unidad 2", "Unidad 2", "{74617FEB-9E28-431C-92F1-FB79054563C1}"
EndProject
Project("{2150E333-8FDC-42A3-9474-1A3956D46DE8}") = "Unidad 1", "Unidad 1", "{DBEC46A8-6238-4E25-994E-4CC188C7925C}"
EndProject
Project("{9A19103F-16F7-4668-BE54-9A1E7A4F7556}") = "ServidorHTTP", "SerevidorHTTP\ServidorHTTP.csproj", "{5A250532-E1EB-4FAA-92F7-44C85876690D}"
EndProject
Project("{9A19103F-16F7-4668-BE54-9A1E7A4F7556}") = "ServidorPosti", "ServidorPosti\ServidorPosti.csproj", "{E514EF9E-6A46-4DFF-B4B1-0775F83B0F72}"
EndProject
Project("{9A19103F-16F7-4668-BE54-9A1E7A4F7556}") = "MensajesServer", "MensajesServer\MensajesServer.csproj", "{7AD7B58C-A3BA-493F-8EFE-9B2AAF8DCA5E}"
EndProject
Project("{9A19103F-16F7-4668-BE54-9A1E7A4F7556}") = "MensajesClienteHTTP", "MensajesClienteHTTP\MensajesClienteHTTP.csproj", "{45F7DC74-B13D-4CB1-AF32-FCD951BC670D}"
EndProject
Project("{2150E333-8FDC-42A3-9474-1A3956D46DE8}") = "Unidad 3", "Unidad 3", "{59384A33-D830-4A5F-AAF0-ED02645CF609}"
EndProject
Project("{9A19103F-16F7-4668-BE54-9A1E7A4F7556}") = "PruebaAPI2", "PruebaAPI2\PruebaAPI2.csproj", "{C5AE29B0-9936-4591-AC8B-F7D1D561F3C9}"
EndProject
Project("{2150E333-8FDC-42A3-9474-1A3956D46DE8}") = "Libros", "Libros", "{8558CF50-674F-4D56-A10A-901384546759}"
EndProject
Project("{9A19103F-16F7-4668-BE54-9A1E7A4F7556}") = "ITESRC_LibrosAPI", "ITESRC_LibrosAPI\ITESRC_LibrosAPI.csproj", "{F2339C41-275B-4824-8868-F17FE402DE4A}"
EndProject
Project("{9A19103F-16F7-4668-BE54-9A1E7A4F7556}") = "ITESRC_LibroMAUI", "ITESRC_LibroMAUI\ITESRC_LibroMAUI.csproj", "{E02B75CC-25EA-41B0-AFC1-34AAE5725867}"
EndProject
Project("{FAE04EC0-301F-11D3-BF4B-00C04F79EFBC}") = "PruebaJWT", "PruebaJWT\PruebaJWT.csproj", "{C6099C69-14C5-436A-9086-250D27546C06}"
EndProject
Global
	GlobalSection(SolutionConfigurationPlatforms) = preSolution
		Debug|Any CPU = Debug|Any CPU
		Release|Any CPU = Release|Any CPU
	EndGlobalSection
	GlobalSection(ProjectConfigurationPlatforms) = postSolution
		{E3BACB1D-5365-45A6-9E9B-32B151B45CAD}.Debug|Any CPU.ActiveCfg = Debug|Any CPU
		{E3BACB1D-5365-45A6-9E9B-32B151B45CAD}.Debug|Any CPU.Build.0 = Debug|Any CPU
		{E3BACB1D-5365-45A6-9E9B-32B151B45CAD}.Release|Any CPU.ActiveCfg = Release|Any CPU
		{E3BACB1D-5365-45A6-9E9B-32B151B45CAD}.Release|Any CPU.Build.0 = Release|Any CPU
		{C4252816-1A6A-4FB6-94FA-5B93A793DB71}.Debug|Any CPU.ActiveCfg = Debug|Any CPU
		{C4252816-1A6A-4FB6-94FA-5B93A793DB71}.Debug|Any CPU.Build.0 = Debug|Any CPU
		{C4252816-1A6A-4FB6-94FA-5B93A793DB71}.Release|Any CPU.ActiveCfg = Release|Any CPU
		{C4252816-1A6A-4FB6-94FA-5B93A793DB71}.Release|Any CPU.Build.0 = Release|Any CPU
		{960890D4-4AAD-4C61-B704-1BF12F1E49C0}.Debug|Any CPU.ActiveCfg = Debug|Any CPU
		{960890D4-4AAD-4C61-B704-1BF12F1E49C0}.Debug|Any CPU.Build.0 = Debug|Any CPU
		{960890D4-4AAD-4C61-B704-1BF12F1E49C0}.Release|Any CPU.ActiveCfg = Release|Any CPU
		{960890D4-4AAD-4C61-B704-1BF12F1E49C0}.Release|Any CPU.Build.0 = Release|Any CPU
		{D745B39C-2723-46F5-9CE3-5EBD06812FDB}.Debug|Any CPU.ActiveCfg = Debug|Any CPU
		{D745B39C-2723-46F5-9CE3-5EBD06812FDB}.Debug|Any CPU.Build.0 = Debug|Any CPU
		{D745B39C-2723-46F5-9CE3-5EBD06812FDB}.Release|Any CPU.ActiveCfg = Release|Any CPU
		{D745B39C-2723-46F5-9CE3-5EBD06812FDB}.Release|Any CPU.Build.0 = Release|Any CPU
		{6BFEC92B-27D6-4D15-9F9E-A7EE48EE302F}.Debug|Any CPU.ActiveCfg = Debug|Any CPU
		{6BFEC92B-27D6-4D15-9F9E-A7EE48EE302F}.Debug|Any CPU.Build.0 = Debug|Any CPU
		{6BFEC92B-27D6-4D15-9F9E-A7EE48EE302F}.Release|Any CPU.ActiveCfg = Release|Any CPU
		{6BFEC92B-27D6-4D15-9F9E-A7EE48EE302F}.Release|Any CPU.Build.0 = Release|Any CPU
		{480AAAC7-6098-4EFE-AC81-7C269A6CE0B2}.Debug|Any CPU.ActiveCfg = Debug|Any CPU
		{480AAAC7-6098-4EFE-AC81-7C269A6CE0B2}.Debug|Any CPU.Build.0 = Debug|Any CPU
		{480AAAC7-6098-4EFE-AC81-7C269A6CE0B2}.Release|Any CPU.ActiveCfg = Release|Any CPU
		{480AAAC7-6098-4EFE-AC81-7C269A6CE0B2}.Release|Any CPU.Build.0 = Release|Any CPU
		{5A250532-E1EB-4FAA-92F7-44C85876690D}.Debug|Any CPU.ActiveCfg = Debug|Any CPU
		{5A250532-E1EB-4FAA-92F7-44C85876690D}.Debug|Any CPU.Build.0 = Debug|Any CPU
		{5A250532-E1EB-4FAA-92F7-44C85876690D}.Release|Any CPU.ActiveCfg = Release|Any CPU
		{5A250532-E1EB-4FAA-92F7-44C85876690D}.Release|Any CPU.Build.0 = Release|Any CPU
		{E514EF9E-6A46-4DFF-B4B1-0775F83B0F72}.Debug|Any CPU.ActiveCfg = Debug|Any CPU
		{E514EF9E-6A46-4DFF-B4B1-0775F83B0F72}.Debug|Any CPU.Build.0 = Debug|Any CPU
		{E514EF9E-6A46-4DFF-B4B1-0775F83B0F72}.Release|Any CPU.ActiveCfg = Release|Any CPU
		{E514EF9E-6A46-4DFF-B4B1-0775F83B0F72}.Release|Any CPU.Build.0 = Release|Any CPU
		{7AD7B58C-A3BA-493F-8EFE-9B2AAF8DCA5E}.Debug|Any CPU.ActiveCfg = Debug|Any CPU
		{7AD7B58C-A3BA-493F-8EFE-9B2AAF8DCA5E}.Debug|Any CPU.Build.0 = Debug|Any CPU
		{7AD7B58C-A3BA-493F-8EFE-9B2AAF8DCA5E}.Release|Any CPU.ActiveCfg = Release|Any CPU
		{7AD7B58C-A3BA-493F-8EFE-9B2AAF8DCA5E}.Release|Any CPU.Build.0 = Release|Any CPU
		{45F7DC74-B13D-4CB1-AF32-FCD951BC670D}.Debug|Any CPU.ActiveCfg = Debug|Any CPU
		{45F7DC74-B13D-4CB1-AF32-FCD951BC670D}.Debug|Any CPU.Build.0 = Debug|Any CPU
		{45F7DC74-B13D-4CB1-AF32-FCD951BC670D}.Release|Any CPU.ActiveCfg = Release|Any CPU
		{45F7DC74-B13D-4CB1-AF32-FCD951BC670D}.Release|Any CPU.Build.0 = Release|Any CPU
		{C5AE29B0-9936-4591-AC8B-F7D1D561F3C9}.Debug|Any CPU.ActiveCfg = Debug|Any CPU
		{C5AE29B0-9936-4591-AC8B-F7D1D561F3C9}.Debug|Any CPU.Build.0 = Debug|Any CPU
		{C5AE29B0-9936-4591-AC8B-F7D1D561F3C9}.Release|Any CPU.ActiveCfg = Release|Any CPU
		{C5AE29B0-9936-4591-AC8B-F7D1D561F3C9}.Release|Any CPU.Build.0 = Release|Any CPU
		{F2339C41-275B-4824-8868-F17FE402DE4A}.Debug|Any CPU.ActiveCfg = Debug|Any CPU
		{F2339C41-275B-4824-8868-F17FE402DE4A}.Debug|Any CPU.Build.0 = Debug|Any CPU
		{F2339C41-275B-4824-8868-F17FE402DE4A}.Release|Any CPU.ActiveCfg = Release|Any CPU
		{F2339C41-275B-4824-8868-F17FE402DE4A}.Release|Any CPU.Build.0 = Release|Any CPU
		{E02B75CC-25EA-41B0-AFC1-34AAE5725867}.Debug|Any CPU.ActiveCfg = Debug|Any CPU
		{E02B75CC-25EA-41B0-AFC1-34AAE5725867}.Debug|Any CPU.Build.0 = Debug|Any CPU
		{E02B75CC-25EA-41B0-AFC1-34AAE5725867}.Debug|Any CPU.Deploy.0 = Debug|Any CPU
		{E02B75CC-25EA-41B0-AFC1-34AAE5725867}.Release|Any CPU.ActiveCfg = Release|Any CPU
		{E02B75CC-25EA-41B0-AFC1-34AAE5725867}.Release|Any CPU.Build.0 = Release|Any CPU
		{E02B75CC-25EA-41B0-AFC1-34AAE5725867}.Release|Any CPU.Deploy.0 = Release|Any CPU
		{C6099C69-14C5-436A-9086-250D27546C06}.Debug|Any CPU.ActiveCfg = Debug|Any CPU
		{C6099C69-14C5-436A-9086-250D27546C06}.Debug|Any CPU.Build.0 = Debug|Any CPU
		{C6099C69-14C5-436A-9086-250D27546C06}.Release|Any CPU.ActiveCfg = Release|Any CPU
		{C6099C69-14C5-436A-9086-250D27546C06}.Release|Any CPU.Build.0 = Release|Any CPU
	EndGlobalSection
	GlobalSection(SolutionProperties) = preSolution
		HideSolutionNode = FALSE
	EndGlobalSection
	GlobalSection(NestedProjects) = preSolution
		{E3BACB1D-5365-45A6-9E9B-32B151B45CAD} = {BE8C5185-9C80-4AB6-BE31-F6AAD2C10740}
		{C4252816-1A6A-4FB6-94FA-5B93A793DB71} = {BE8C5185-9C80-4AB6-BE31-F6AAD2C10740}
		{89CDF3DC-FB56-4139-8D4A-8F7F963CCC97} = {DBEC46A8-6238-4E25-994E-4CC188C7925C}
		{BE8C5185-9C80-4AB6-BE31-F6AAD2C10740} = {DBEC46A8-6238-4E25-994E-4CC188C7925C}
		{960890D4-4AAD-4C61-B704-1BF12F1E49C0} = {89CDF3DC-FB56-4139-8D4A-8F7F963CCC97}
		{D745B39C-2723-46F5-9CE3-5EBD06812FDB} = {89CDF3DC-FB56-4139-8D4A-8F7F963CCC97}
		{C1098993-1EDA-4588-B739-7B0D658F3CC7} = {DBEC46A8-6238-4E25-994E-4CC188C7925C}
		{6BFEC92B-27D6-4D15-9F9E-A7EE48EE302F} = {C1098993-1EDA-4588-B739-7B0D658F3CC7}
		{480AAAC7-6098-4EFE-AC81-7C269A6CE0B2} = {C1098993-1EDA-4588-B739-7B0D658F3CC7}
		{5A250532-E1EB-4FAA-92F7-44C85876690D} = {74617FEB-9E28-431C-92F1-FB79054563C1}
		{E514EF9E-6A46-4DFF-B4B1-0775F83B0F72} = {74617FEB-9E28-431C-92F1-FB79054563C1}
		{7AD7B58C-A3BA-493F-8EFE-9B2AAF8DCA5E} = {74617FEB-9E28-431C-92F1-FB79054563C1}
		{45F7DC74-B13D-4CB1-AF32-FCD951BC670D} = {74617FEB-9E28-431C-92F1-FB79054563C1}
		{C5AE29B0-9936-4591-AC8B-F7D1D561F3C9} = {59384A33-D830-4A5F-AAF0-ED02645CF609}
		{8558CF50-674F-4D56-A10A-901384546759} = {59384A33-D830-4A5F-AAF0-ED02645CF609}
		{F2339C41-275B-4824-8868-F17FE402DE4A} = {8558CF50-674F-4D56-A10A-901384546759}
		{E02B75CC-25EA-41B0-AFC1-34AAE5725867} = {8558CF50-674F-4D56-A10A-901384546759}
		{C6099C69-14C5-436A-9086-250D27546C06} = {59384A33-D830-4A5F-AAF0-ED02645CF609}
	EndGlobalSection
	GlobalSection(ExtensibilityGlobals) = postSolution
		SolutionGuid = {1EEAF74D-0FA5-478F-8E9D-974E328AB1F3}
	EndGlobalSection
EndGlobal
